
Microsoft Visual Studio Solution File, Format Version 12.00
# Visual Studio Version 16
VisualStudioVersion = 16.0.30320.27
MinimumVisualStudioVersion = 10.0.40219.1
Project("{F184B08F-C81C-45F6-A57F-5ABD9991F28F}") = "LZStringVBNet", "LZStringVBNet\LZStringVBNet.vbproj", "{D305A068-4838-41E9-B55B-44E8050CF4EC}"
EndProject
Project("{F184B08F-C81C-45F6-A57F-5ABD9991F28F}") = "LZStringVBNet.Tests", "LZStringVBNet.Tests\LZStringVBNet.Tests.vbproj", "{7D22AB0C-2CAC-49F6-9F08-3C2D56A25B04}"
EndProject
Global
	GlobalSection(SolutionConfigurationPlatforms) = preSolution
		Debug|Any CPU = Debug|Any CPU
		Debug|ARM = Debug|ARM
		Debug|x64 = Debug|x64
		Debug|x86 = Debug|x86
		Release|Any CPU = Release|Any CPU
		Release|ARM = Release|ARM
		Release|x64 = Release|x64
		Release|x86 = Release|x86
	EndGlobalSection
	GlobalSection(ProjectConfigurationPlatforms) = postSolution
		{D305A068-4838-41E9-B55B-44E8050CF4EC}.Debug|Any CPU.ActiveCfg = Debug|Any CPU
		{D305A068-4838-41E9-B55B-44E8050CF4EC}.Debug|Any CPU.Build.0 = Debug|Any CPU
		{D305A068-4838-41E9-B55B-44E8050CF4EC}.Debug|ARM.ActiveCfg = Debug|Any CPU
		{D305A068-4838-41E9-B55B-44E8050CF4EC}.Debug|ARM.Build.0 = Debug|Any CPU
		{D305A068-4838-41E9-B55B-44E8050CF4EC}.Debug|x64.ActiveCfg = Debug|Any CPU
		{D305A068-4838-41E9-B55B-44E8050CF4EC}.Debug|x64.Build.0 = Debug|Any CPU
		{D305A068-4838-41E9-B55B-44E8050CF4EC}.Debug|x86.ActiveCfg = Debug|Any CPU
		{D305A068-4838-41E9-B55B-44E8050CF4EC}.Debug|x86.Build.0 = Debug|Any CPU
		{D305A068-4838-41E9-B55B-44E8050CF4EC}.Release|Any CPU.ActiveCfg = Release|Any CPU
		{D305A068-4838-41E9-B55B-44E8050CF4EC}.Release|Any CPU.Build.0 = Release|Any CPU
		{D305A068-4838-41E9-B55B-44E8050CF4EC}.Release|ARM.ActiveCfg = Release|Any CPU
		{D305A068-4838-41E9-B55B-44E8050CF4EC}.Release|ARM.Build.0 = Release|Any CPU
		{D305A068-4838-41E9-B55B-44E8050CF4EC}.Release|x64.ActiveCfg = Release|Any CPU
		{D305A068-4838-41E9-B55B-44E8050CF4EC}.Release|x64.Build.0 = Release|Any CPU
		{D305A068-4838-41E9-B55B-44E8050CF4EC}.Release|x86.ActiveCfg = Release|Any CPU
		{D305A068-4838-41E9-B55B-44E8050CF4EC}.Release|x86.Build.0 = Release|Any CPU
		{7D22AB0C-2CAC-49F6-9F08-3C2D56A25B04}.Debug|Any CPU.ActiveCfg = Debug|Any CPU
		{7D22AB0C-2CAC-49F6-9F08-3C2D56A25B04}.Debug|Any CPU.Build.0 = Debug|Any CPU
		{7D22AB0C-2CAC-49F6-9F08-3C2D56A25B04}.Debug|ARM.ActiveCfg = Debug|Any CPU
		{7D22AB0C-2CAC-49F6-9F08-3C2D56A25B04}.Debug|ARM.Build.0 = Debug|Any CPU
		{7D22AB0C-2CAC-49F6-9F08-3C2D56A25B04}.Debug|x64.ActiveCfg = Debug|Any CPU
		{7D22AB0C-2CAC-49F6-9F08-3C2D56A25B04}.Debug|x64.Build.0 = Debug|Any CPU
		{7D22AB0C-2CAC-49F6-9F08-3C2D56A25B04}.Debug|x86.ActiveCfg = Debug|Any CPU
		{7D22AB0C-2CAC-49F6-9F08-3C2D56A25B04}.Debug|x86.Build.0 = Debug|Any CPU
		{7D22AB0C-2CAC-49F6-9F08-3C2D56A25B04}.Release|Any CPU.ActiveCfg = Release|Any CPU
		{7D22AB0C-2CAC-49F6-9F08-3C2D56A25B04}.Release|Any CPU.Build.0 = Release|Any CPU
		{7D22AB0C-2CAC-49F6-9F08-3C2D56A25B04}.Release|ARM.ActiveCfg = Release|Any CPU
		{7D22AB0C-2CAC-49F6-9F08-3C2D56A25B04}.Release|ARM.Build.0 = Release|Any CPU
		{7D22AB0C-2CAC-49F6-9F08-3C2D56A25B04}.Release|x64.ActiveCfg = Release|Any CPU
		{7D22AB0C-2CAC-49F6-9F08-3C2D56A25B04}.Release|x64.Build.0 = Release|Any CPU
		{7D22AB0C-2CAC-49F6-9F08-3C2D56A25B04}.Release|x86.ActiveCfg = Release|Any CPU
		{7D22AB0C-2CAC-49F6-9F08-3C2D56A25B04}.Release|x86.Build.0 = Release|Any CPU
	EndGlobalSection
	GlobalSection(SolutionProperties) = preSolution
		HideSolutionNode = FALSE
	EndGlobalSection
	GlobalSection(ExtensibilityGlobals) = postSolution
		SolutionGuid = {89766583-23DF-4B42-9108-C358AFAC4C7A}
	EndGlobalSection
EndGlobal
